
Microsoft Visual Studio Solution File, Format Version 12.00
# Visual Studio Version 17
VisualStudioVersion = 17.0.32014.148
MinimumVisualStudioVersion = 10.0.40219.1
Project("{FAE04EC0-301F-11D3-BF4B-00C04F79EFBC}") = "DotnetCoreRedisCache", "DotnetCoreRedisCache\DotnetCoreRedisCache.csproj", "{0BE6AD92-E8DF-47CF-ADF9-293688BC0135}"
EndProject
Global
	GlobalSection(SolutionConfigurationPlatforms) = preSolution
		Debug|Any CPU = Debug|Any CPU
		Release|Any CPU = Release|Any CPU
	EndGlobalSection
	GlobalSection(ProjectConfigurationPlatforms) = postSolution
		{0BE6AD92-E8DF-47CF-ADF9-293688BC0135}.Debug|Any CPU.ActiveCfg = Debug|Any CPU
		{0BE6AD92-E8DF-47CF-ADF9-293688BC0135}.Debug|Any CPU.Build.0 = Debug|Any CPU
		{0BE6AD92-E8DF-47CF-ADF9-293688BC0135}.Release|Any CPU.ActiveCfg = Release|Any CPU
		{0BE6AD92-E8DF-47CF-ADF9-293688BC0135}.Release|Any CPU.Build.0 = Release|Any CPU
	EndGlobalSection
	GlobalSection(SolutionProperties) = preSolution
		HideSolutionNode = FALSE
	EndGlobalSection
	GlobalSection(ExtensibilityGlobals) = postSolution
		SolutionGuid = {96D00810-5FDA-45EC-8510-CD4C8E8CAC84}
	EndGlobalSection
EndGlobal
